
Microsoft Visual Studio Solution File, Format Version 12.00
# Visual Studio Version 17
VisualStudioVersion = 17.0.31903.59
MinimumVisualStudioVersion = 10.0.40219.1
Project("{2150E333-8FDC-42A3-9474-1A3956D46DE8}") = "src", "src", "{827E0CD3-B72D-47B6-A68D-7590B98EB39B}"
EndProject
Project("{FAE04EC0-301F-11D3-BF4B-00C04F79EFBC}") = "RamDisk.Core", "src\RamDisk.Core\RamDisk.Core.csproj", "{F60A3B42-7AA3-445C-A761-8801603EFEBA}"
EndProject
Project("{FAE04EC0-301F-11D3-BF4B-00C04F79EFBC}") = "RamDisk.App", "src\RamDisk.App\RamDisk.App.csproj", "{0560A0B8-7612-46FF-BFE4-8FC4F648F101}"
EndProject
Project("{2150E333-8FDC-42A3-9474-1A3956D46DE8}") = "tests", "tests", "{0AB3BF05-4346-4AA6-1389-037BE0695223}"
EndProject
Project("{FAE04EC0-301F-11D3-BF4B-00C04F79EFBC}") = "RamDisk.Tests", "tests\RamDisk.Tests\RamDisk.Tests.csproj", "{BAC0200E-7573-450B-8001-E63207CEEC47}"
EndProject
Global
	GlobalSection(SolutionConfigurationPlatforms) = preSolution
		Debug|Any CPU = Debug|Any CPU
		Debug|x64 = Debug|x64
		Debug|x86 = Debug|x86
		Release|Any CPU = Release|Any CPU
		Release|x64 = Release|x64
		Release|x86 = Release|x86
	EndGlobalSection
	GlobalSection(ProjectConfigurationPlatforms) = postSolution
		{F60A3B42-7AA3-445C-A761-8801603EFEBA}.Debug|Any CPU.ActiveCfg = Debug|Any CPU
		{F60A3B42-7AA3-445C-A761-8801603EFEBA}.Debug|Any CPU.Build.0 = Debug|Any CPU
		{F60A3B42-7AA3-445C-A761-8801603EFEBA}.Debug|x64.ActiveCfg = Debug|Any CPU
		{F60A3B42-7AA3-445C-A761-8801603EFEBA}.Debug|x64.Build.0 = Debug|Any CPU
		{F60A3B42-7AA3-445C-A761-8801603EFEBA}.Debug|x86.ActiveCfg = Debug|Any CPU
		{F60A3B42-7AA3-445C-A761-8801603EFEBA}.Debug|x86.Build.0 = Debug|Any CPU
		{F60A3B42-7AA3-445C-A761-8801603EFEBA}.Release|Any CPU.ActiveCfg = Release|Any CPU
		{F60A3B42-7AA3-445C-A761-8801603EFEBA}.Release|Any CPU.Build.0 = Release|Any CPU
		{F60A3B42-7AA3-445C-A761-8801603EFEBA}.Release|x64.ActiveCfg = Release|Any CPU
		{F60A3B42-7AA3-445C-A761-8801603EFEBA}.Release|x64.Build.0 = Release|Any CPU
		{F60A3B42-7AA3-445C-A761-8801603EFEBA}.Release|x86.ActiveCfg = Release|Any CPU
		{F60A3B42-7AA3-445C-A761-8801603EFEBA}.Release|x86.Build.0 = Release|Any CPU
		{0560A0B8-7612-46FF-BFE4-8FC4F648F101}.Debug|Any CPU.ActiveCfg = Debug|Any CPU
		{0560A0B8-7612-46FF-BFE4-8FC4F648F101}.Debug|Any CPU.Build.0 = Debug|Any CPU
		{0560A0B8-7612-46FF-BFE4-8FC4F648F101}.Debug|x64.ActiveCfg = Debug|Any CPU
		{0560A0B8-7612-46FF-BFE4-8FC4F648F101}.Debug|x64.Build.0 = Debug|Any CPU
		{0560A0B8-7612-46FF-BFE4-8FC4F648F101}.Debug|x86.ActiveCfg = Debug|Any CPU
		{0560A0B8-7612-46FF-BFE4-8FC4F648F101}.Debug|x86.Build.0 = Debug|Any CPU
		{0560A0B8-7612-46FF-BFE4-8FC4F648F101}.Release|Any CPU.ActiveCfg = Release|Any CPU
		{0560A0B8-7612-46FF-BFE4-8FC4F648F101}.Release|Any CPU.Build.0 = Release|Any CPU
		{0560A0B8-7612-46FF-BFE4-8FC4F648F101}.Release|x64.ActiveCfg = Release|Any CPU
		{0560A0B8-7612-46FF-BFE4-8FC4F648F101}.Release|x64.Build.0 = Release|Any CPU
		{0560A0B8-7612-46FF-BFE4-8FC4F648F101}.Release|x86.ActiveCfg = Release|Any CPU
		{0560A0B8-7612-46FF-BFE4-8FC4F648F101}.Release|x86.Build.0 = Release|Any CPU
		{BAC0200E-7573-450B-8001-E63207CEEC47}.Debug|Any CPU.ActiveCfg = Debug|Any CPU
		{BAC0200E-7573-450B-8001-E63207CEEC47}.Debug|Any CPU.Build.0 = Debug|Any CPU
		{BAC0200E-7573-450B-8001-E63207CEEC47}.Debug|x64.ActiveCfg = Debug|Any CPU
		{BAC0200E-7573-450B-8001-E63207CEEC47}.Debug|x64.Build.0 = Debug|Any CPU
		{BAC0200E-7573-450B-8001-E63207CEEC47}.Debug|x86.ActiveCfg = Debug|Any CPU
		{BAC0200E-7573-450B-8001-E63207CEEC47}.Debug|x86.Build.0 = Debug|Any CPU
		{BAC0200E-7573-450B-8001-E63207CEEC47}.Release|Any CPU.ActiveCfg = Release|Any CPU
		{BAC0200E-7573-450B-8001-E63207CEEC47}.Release|Any CPU.Build.0 = Release|Any CPU
		{BAC0200E-7573-450B-8001-E63207CEEC47}.Release|x64.ActiveCfg = Release|Any CPU
		{BAC0200E-7573-450B-8001-E63207CEEC47}.Release|x64.Build.0 = Release|Any CPU
		{BAC0200E-7573-450B-8001-E63207CEEC47}.Release|x86.ActiveCfg = Release|Any CPU
		{BAC0200E-7573-450B-8001-E63207CEEC47}.Release|x86.Build.0 = Release|Any CPU
	EndGlobalSection
	GlobalSection(SolutionProperties) = preSolution
		HideSolutionNode = FALSE
	EndGlobalSection
	GlobalSection(NestedProjects) = preSolution
		{F60A3B42-7AA3-445C-A761-8801603EFEBA} = {827E0CD3-B72D-47B6-A68D-7590B98EB39B}
		{0560A0B8-7612-46FF-BFE4-8FC4F648F101} = {827E0CD3-B72D-47B6-A68D-7590B98EB39B}
		{BAC0200E-7573-450B-8001-E63207CEEC47} = {0AB3BF05-4346-4AA6-1389-037BE0695223}
	EndGlobalSection
EndGlobal
